
Microsoft Visual Studio Solution File, Format Version 12.00
# Visual Studio Version 18
VisualStudioVersion = 18.4.11612.150 stable
MinimumVisualStudioVersion = 10.0.40219.1
Project("{FAE04EC0-301F-11D3-BF4B-00C04F79EFBC}") = "TurnBasedRPG", "TurnBasedRPG.csproj", "{46239694-E4DC-C6E0-4D91-879FDBC95B36}"
EndProject
Global
	GlobalSection(SolutionConfigurationPlatforms) = preSolution
		Debug|Any CPU = Debug|Any CPU
		Release|Any CPU = Release|Any CPU
	EndGlobalSection
	GlobalSection(ProjectConfigurationPlatforms) = postSolution
		{46239694-E4DC-C6E0-4D91-879FDBC95B36}.Debug|Any CPU.ActiveCfg = Debug|Any CPU
		{46239694-E4DC-C6E0-4D91-879FDBC95B36}.Debug|Any CPU.Build.0 = Debug|Any CPU
		{46239694-E4DC-C6E0-4D91-879FDBC95B36}.Release|Any CPU.ActiveCfg = Release|Any CPU
		{46239694-E4DC-C6E0-4D91-879FDBC95B36}.Release|Any CPU.Build.0 = Release|Any CPU
	EndGlobalSection
	GlobalSection(SolutionProperties) = preSolution
		HideSolutionNode = FALSE
	EndGlobalSection
	GlobalSection(ExtensibilityGlobals) = postSolution
		SolutionGuid = {2F42D722-5A52-42F0-A3B9-8F757F03E866}
	EndGlobalSection
EndGlobal
